
Microsoft Visual Studio Solution File, Format Version 12.00
# Visual Studio 15
VisualStudioVersion = 15.0.28307.168
MinimumVisualStudioVersion = 10.0.40219.1
Project("{FAE04EC0-301F-11D3-BF4B-00C04F79EFBC}") = "Logger_2", "Logger_2\Logger_2.csproj", "{72D029E5-0278-48C1-9526-E15BD506A212}"
EndProject
Global
	GlobalSection(SolutionConfigurationPlatforms) = preSolution
		Debug|Any CPU = Debug|Any CPU
		Release|Any CPU = Release|Any CPU
	EndGlobalSection
	GlobalSection(ProjectConfigurationPlatforms) = postSolution
		{72D029E5-0278-48C1-9526-E15BD506A212}.Debug|Any CPU.ActiveCfg = Debug|Any CPU
		{72D029E5-0278-48C1-9526-E15BD506A212}.Debug|Any CPU.Build.0 = Debug|Any CPU
		{72D029E5-0278-48C1-9526-E15BD506A212}.Release|Any CPU.ActiveCfg = Release|Any CPU
		{72D029E5-0278-48C1-9526-E15BD506A212}.Release|Any CPU.Build.0 = Release|Any CPU
	EndGlobalSection
	GlobalSection(SolutionProperties) = preSolution
		HideSolutionNode = FALSE
	EndGlobalSection
	GlobalSection(ExtensibilityGlobals) = postSolution
		SolutionGuid = {FB342E7C-665D-4C26-AB39-DFF33581486E}
	EndGlobalSection
EndGlobal
