
Microsoft Visual Studio Solution File, Format Version 12.00
# Visual Studio 15
VisualStudioVersion = 15.0.28307.168
MinimumVisualStudioVersion = 10.0.40219.1
Project("{FAE04EC0-301F-11D3-BF4B-00C04F79EFBC}") = "Logger 1.0", "Logger 1.0\Logger 1.0.csproj", "{9DDB97ED-824C-4FE6-9AEB-8F054E3E0994}"
EndProject
Global
	GlobalSection(SolutionConfigurationPlatforms) = preSolution
		Debug|Any CPU = Debug|Any CPU
		Release|Any CPU = Release|Any CPU
	EndGlobalSection
	GlobalSection(ProjectConfigurationPlatforms) = postSolution
		{9DDB97ED-824C-4FE6-9AEB-8F054E3E0994}.Debug|Any CPU.ActiveCfg = Debug|Any CPU
		{9DDB97ED-824C-4FE6-9AEB-8F054E3E0994}.Debug|Any CPU.Build.0 = Debug|Any CPU
		{9DDB97ED-824C-4FE6-9AEB-8F054E3E0994}.Release|Any CPU.ActiveCfg = Release|Any CPU
		{9DDB97ED-824C-4FE6-9AEB-8F054E3E0994}.Release|Any CPU.Build.0 = Release|Any CPU
	EndGlobalSection
	GlobalSection(SolutionProperties) = preSolution
		HideSolutionNode = FALSE
	EndGlobalSection
	GlobalSection(ExtensibilityGlobals) = postSolution
		SolutionGuid = {36B41189-15EC-4BDC-BD03-E5AE1884E5F7}
	EndGlobalSection
EndGlobal
